# @generated - this file is auto-generated by `mise lock` https://mise.en.dev/dev-tools/mise-lock.html

[[tools.codex]]
version = "0.155.1"
backend = "aqua:openai/codex"

[tools.codex."platforms.linux-arm64"]
checksum = "sha256:71857dbc9bea3613410e8a69cfb46b07c0402d6d20fec18843dbaffd757634bd"
url = "https://github.com/openai/codex/releases/download/rust-v0.155.1/codex-package-aarch64-unknown-linux-musl.tar.gz"
url_api = "https://api.github.com/repos/openai/codex/releases/assets/573353562"

[tools.codex."platforms.linux-arm64-musl"]
checksum = "sha256:71857dbc9bea3613410e8a69cfb46b07c0402d6d20fec18843dbaffd757634bd"
url = "https://github.com/openai/codex/releases/download/rust-v0.155.1/codex-package-aarch64-unknown-linux-musl.tar.gz"
url_api = "https://api.github.com/repos/openai/codex/releases/assets/573353562"

[tools.codex."platforms.linux-x64"]
checksum = "sha256:a65b895c6ac1a73629bbe4b864640c86133e94a43b4d67b3103044e1a306d5a2"
url = "https://github.com/openai/codex/releases/download/rust-v0.155.1/codex-package-x86_64-unknown-linux-musl.tar.gz"
url_api = "https://api.github.com/repos/openai/codex/releases/assets/573353456"

[tools.codex."platforms.linux-x64-musl"]
checksum = "sha256:a65b895c6ac1a73629bbe4b864640c86133e94a43b4d67b3103044e1a306d5a2"
url = "https://github.com/openai/codex/releases/download/rust-v0.155.1/codex-package-x86_64-unknown-linux-musl.tar.gz"
url_api = "https://api.github.com/repos/openai/codex/releases/assets/573353456"

[tools.codex."platforms.macos-arm64"]
checksum = "sha256:e6e08717da9e35b72332eff753527fe79a9ae876081033c5c6820a8e5f58b943"
url = "https://github.com/openai/codex/releases/download/rust-v0.155.1/codex-package-aarch64-apple-darwin.tar.gz"
url_api = "https://api.github.com/repos/openai/codex/releases/assets/573353582"

[tools.codex."platforms.macos-x64"]
checksum = "sha256:be752aebb2ac022c5bfed3fa14f46943d11ddb36a950b553b058794aba22496a"
url = "https://github.com/openai/codex/releases/download/rust-v0.155.1/codex-package-x86_64-apple-darwin.tar.gz"
url_api = "https://api.github.com/repos/openai/codex/releases/assets/573353601"

[tools.codex."platforms.windows-x64"]
checksum = "sha256:f45c273b7835c192aaa9cef5b93aa9528966ac7301444632de80a565a9bf14e8"
url = "https://github.com/openai/codex/releases/download/rust-v0.155.1/codex-package-x86_64-pc-windows-msvc.tar.gz"
url_api = "https://api.github.com/repos/openai/codex/releases/assets/573353476"

[[tools.pi]]
version = "v0.87.1"
backend = "aqua:earendil-works/pi"

[tools.pi."platforms.linux-arm64"]
checksum = "sha256:364b4a9f8491450b27a4857d4e3c780dbaf696790821c176a873e860cbbc3b89"
url = "https://github.com/earendil-works/pi/releases/download/v0.87.1/pi-linux-arm64.tar.gz"
url_api = "https://api.github.com/repos/earendil-works/pi/releases/assets/582094202"

[tools.pi."platforms.linux-arm64-musl"]
checksum = "sha256:364b4a9f8491450b27a4857d4e3c780dbaf696790821c176a873e860cbbc3b89"
url = "https://github.com/earendil-works/pi/releases/download/v0.87.1/pi-linux-arm64.tar.gz"
url_api = "https://api.github.com/repos/earendil-works/pi/releases/assets/582094202"

[tools.pi."platforms.linux-x64"]
checksum = "sha256:80d78dd62d50049a006b981d994c61255bcc10e730b0c278d4ea0a755909764c"
url = "https://github.com/earendil-works/pi/releases/download/v0.87.1/pi-linux-x64.tar.gz"
url_api = "https://api.github.com/repos/earendil-works/pi/releases/assets/582094203"

[tools.pi."platforms.linux-x64-musl"]
checksum = "sha256:80d78dd62d50049a006b981d994c61255bcc10e730b0c278d4ea0a755909764c"
url = "https://github.com/earendil-works/pi/releases/download/v0.87.1/pi-linux-x64.tar.gz"
url_api = "https://api.github.com/repos/earendil-works/pi/releases/assets/582094203"

[tools.pi."platforms.macos-arm64"]
checksum = "sha256:4f8d288b78c9768d3a4ac6f61f06cd34394b82ac17d5b42d1e44a437add401b7"
url = "https://github.com/earendil-works/pi/releases/download/v0.87.1/pi-darwin-arm64.tar.gz"
url_api = "https://api.github.com/repos/earendil-works/pi/releases/assets/582094198"

[tools.pi."platforms.macos-x64"]
checksum = "sha256:01d8ee28d7114fec4f4eeedbb7561f790853040e9bfbdeebe79437ab66ea51f5"
url = "https://github.com/earendil-works/pi/releases/download/v0.87.1/pi-darwin-x64.tar.gz"
url_api = "https://api.github.com/repos/earendil-works/pi/releases/assets/582094201"

[tools.pi."platforms.windows-x64"]
checksum = "sha256:aab2ba67baf8ff97a52d05b62d88e9e65a840c6ea8fa1029a28d62d210d4e5fc"
url = "https://github.com/earendil-works/pi/releases/download/v0.87.1/pi-windows-x64.zip"
url_api = "https://api.github.com/repos/earendil-works/pi/releases/assets/582094243"
