# @generated - this file is auto-generated by `mise lock` https://mise.en.dev/dev-tools/mise-lock.html

[[tools.codex]]
version = "0.146.1"
backend = "aqua:openai/codex"

[tools.codex."platforms.linux-arm64"]
checksum = "sha256:a72b2bd37dd69ece77f5584a418bc34ecfa4b28e769727134a1d604b4b2b8e5f"
url = "https://github.com/openai/codex/releases/download/rust-v0.146.1/codex-package-aarch64-unknown-linux-musl.tar.gz"
url_api = "https://api.github.com/repos/openai/codex/releases/assets/502807806"

[tools.codex."platforms.linux-arm64-musl"]
checksum = "sha256:a72b2bd37dd69ece77f5584a418bc34ecfa4b28e769727134a1d604b4b2b8e5f"
url = "https://github.com/openai/codex/releases/download/rust-v0.146.1/codex-package-aarch64-unknown-linux-musl.tar.gz"
url_api = "https://api.github.com/repos/openai/codex/releases/assets/502807806"

[tools.codex."platforms.linux-x64"]
checksum = "sha256:15d9b6aaa47ee02743266581f8ab96b6049e3a2a13a82fbd7920745ba9fc34cb"
url = "https://github.com/openai/codex/releases/download/rust-v0.146.1/codex-package-x86_64-unknown-linux-musl.tar.gz"
url_api = "https://api.github.com/repos/openai/codex/releases/assets/502807717"

[tools.codex."platforms.linux-x64-musl"]
checksum = "sha256:15d9b6aaa47ee02743266581f8ab96b6049e3a2a13a82fbd7920745ba9fc34cb"
url = "https://github.com/openai/codex/releases/download/rust-v0.146.1/codex-package-x86_64-unknown-linux-musl.tar.gz"
url_api = "https://api.github.com/repos/openai/codex/releases/assets/502807717"

[tools.codex."platforms.macos-arm64"]
checksum = "sha256:a0be385972f38d02e81f9b40de1f842daf8354636fc295666b8630d2f6a5aec6"
url = "https://github.com/openai/codex/releases/download/rust-v0.146.1/codex-package-aarch64-apple-darwin.tar.gz"
url_api = "https://api.github.com/repos/openai/codex/releases/assets/502807854"

[tools.codex."platforms.macos-x64"]
checksum = "sha256:5b61e447baa14747e1ea6ad10ad8fca1f8ef0d5e11f53ca88a144bf52cf12e06"
url = "https://github.com/openai/codex/releases/download/rust-v0.146.1/codex-package-x86_64-apple-darwin.tar.gz"
url_api = "https://api.github.com/repos/openai/codex/releases/assets/502807781"

[tools.codex."platforms.windows-x64"]
checksum = "sha256:6b26524c4287564a2c6c3511e73dcd32ea3c8c0a994cc1caa731b63f7844c8b6"
url = "https://github.com/openai/codex/releases/download/rust-v0.146.1/codex-package-x86_64-pc-windows-msvc.tar.gz"
url_api = "https://api.github.com/repos/openai/codex/releases/assets/502807746"

[[tools."npm:@earendil-works/pi-coding-agent"]]
version = "0.84.1"
backend = "npm:@earendil-works/pi-coding-agent"
