# @generated - this file is auto-generated by `mise lock` https://mise.en.dev/dev-tools/mise-lock.html

[[tools.bun]]
version = "1.3.14"
backend = "core:bun"

[tools.bun."platforms.linux-arm64"]
checksum = "sha256:a27ffb63a8310375836e0d6f668ae17fa8d8d18b88c37c821c65331973a19a3b"
url = "https://github.com/oven-sh/bun/releases/download/bun-v1.3.14/bun-linux-aarch64.zip"

[tools.bun."platforms.linux-arm64-musl"]
checksum = "sha256:b98e0ad3625c5c00d1d5b5ff55605c7adddbfae151861e68ade57b2d3b8703bb"
url = "https://github.com/oven-sh/bun/releases/download/bun-v1.3.14/bun-linux-aarch64-musl.zip"

[tools.bun."platforms.linux-x64"]
checksum = "sha256:951ee2aee855f08595aeec6225226a298d3fea83a3dcd6465c09cbccdf7e848f"
url = "https://github.com/oven-sh/bun/releases/download/bun-v1.3.14/bun-linux-x64.zip"

[tools.bun."platforms.linux-x64-baseline"]
checksum = "sha256:a063908ae08b7852ca10939bbdc6ceed3ddabce8fb9402dce83d65d73b36e6c7"
url = "https://github.com/oven-sh/bun/releases/download/bun-v1.3.14/bun-linux-x64-baseline.zip"

[tools.bun."platforms.linux-x64-musl"]
checksum = "sha256:14bd9aedeebf1dba67e8def9531c89bc989ecfdf1de42e5bfcaf1b8cd9294719"
url = "https://github.com/oven-sh/bun/releases/download/bun-v1.3.14/bun-linux-x64-musl.zip"

[tools.bun."platforms.linux-x64-musl-baseline"]
checksum = "sha256:56a7d6806cf155536c0178f0ea5fbd098e684fa509ebdb4fc0a7e19fb65382dc"
url = "https://github.com/oven-sh/bun/releases/download/bun-v1.3.14/bun-linux-x64-musl-baseline.zip"

[tools.bun."platforms.macos-arm64"]
checksum = "sha256:d8b96221828ad6f97ac7ac0ab7e95872341af763001e8803e8267652c2652620"
url = "https://github.com/oven-sh/bun/releases/download/bun-v1.3.14/bun-darwin-aarch64.zip"

[tools.bun."platforms.macos-x64"]
checksum = "sha256:4183df3374623e5bab315c547cfa0974533cd457d86b73b639f7a87974cd6633"
url = "https://github.com/oven-sh/bun/releases/download/bun-v1.3.14/bun-darwin-x64.zip"

[tools.bun."platforms.macos-x64-baseline"]
checksum = "sha256:3e35ad6f53971a9834bf9e6786e2adf72b5f1921cc9a9c5fde073d2972944076"
url = "https://github.com/oven-sh/bun/releases/download/bun-v1.3.14/bun-darwin-x64-baseline.zip"

[tools.bun."platforms.windows-x64"]
checksum = "sha256:0a0620930b6675d7ba440e81f4e0e00d3cfbe096c4b140d3fff02205e9e18922"
url = "https://github.com/oven-sh/bun/releases/download/bun-v1.3.14/bun-windows-x64.zip"

[tools.bun."platforms.windows-x64-baseline"]
checksum = "sha256:538f9c846355d9e847b2671bc00c47da4229a0befb24df3282b739770f3b475f"
url = "https://github.com/oven-sh/bun/releases/download/bun-v1.3.14/bun-windows-x64-baseline.zip"

[[tools.devcontainer-cli]]
version = "0.87.0"
backend = "npm:@devcontainers/cli"

[[tools.go]]
version = "1.26.4"
backend = "core:go"

[tools.go."platforms.linux-arm64"]
checksum = "sha256:ef758ae7c6cf9267c9c0ef080b8965f453d89ab2d25d9eb22de4405925238768"
url = "https://dl.google.com/go/go1.26.4.linux-arm64.tar.gz"

[tools.go."platforms.linux-arm64-musl"]
checksum = "sha256:ef758ae7c6cf9267c9c0ef080b8965f453d89ab2d25d9eb22de4405925238768"
url = "https://dl.google.com/go/go1.26.4.linux-arm64.tar.gz"

[tools.go."platforms.linux-x64"]
checksum = "sha256:1153d3d50e0ac764b447adfe05c2bcf08e889d42a02e0fe0259bd47f6733ad7f"
url = "https://dl.google.com/go/go1.26.4.linux-amd64.tar.gz"

[tools.go."platforms.linux-x64-baseline"]
checksum = "sha256:1153d3d50e0ac764b447adfe05c2bcf08e889d42a02e0fe0259bd47f6733ad7f"
url = "https://dl.google.com/go/go1.26.4.linux-amd64.tar.gz"

[tools.go."platforms.linux-x64-musl"]
checksum = "sha256:1153d3d50e0ac764b447adfe05c2bcf08e889d42a02e0fe0259bd47f6733ad7f"
url = "https://dl.google.com/go/go1.26.4.linux-amd64.tar.gz"

[tools.go."platforms.linux-x64-musl-baseline"]
checksum = "sha256:1153d3d50e0ac764b447adfe05c2bcf08e889d42a02e0fe0259bd47f6733ad7f"
url = "https://dl.google.com/go/go1.26.4.linux-amd64.tar.gz"

[tools.go."platforms.macos-arm64"]
checksum = "sha256:b62ad2b6d7d2464f12a5bcad7ff47f19d08325773b5efd21610e445a05a9bf53"
url = "https://dl.google.com/go/go1.26.4.darwin-arm64.tar.gz"

[tools.go."platforms.macos-x64"]
checksum = "sha256:05dc9b5f9997744520aaebb3d5deaa7c755371aebbfb7f97c2511a9f3367538d"
url = "https://dl.google.com/go/go1.26.4.darwin-amd64.tar.gz"

[tools.go."platforms.macos-x64-baseline"]
checksum = "sha256:05dc9b5f9997744520aaebb3d5deaa7c755371aebbfb7f97c2511a9f3367538d"
url = "https://dl.google.com/go/go1.26.4.darwin-amd64.tar.gz"

[tools.go."platforms.windows-x64"]
checksum = "sha256:3ca8fb4630b07c419cbdd51f754e31363cfcfb83b3a5354d9e895c90be2cc345"
url = "https://dl.google.com/go/go1.26.4.windows-amd64.zip"

[tools.go."platforms.windows-x64-baseline"]
checksum = "sha256:3ca8fb4630b07c419cbdd51f754e31363cfcfb83b3a5354d9e895c90be2cc345"
url = "https://dl.google.com/go/go1.26.4.windows-amd64.zip"

[[tools."go:golang.org/x/tools/gopls"]]
version = "0.22.0"
backend = "go:golang.org/x/tools/gopls"

[[tools.lua-language-server]]
version = "3.18.2"
backend = "aqua:LuaLS/lua-language-server"

[tools.lua-language-server."platforms.linux-arm64"]
checksum = "sha256:273af33f26f4a1143f27c96d9f9e1188aba619c71e0807042134f66b4bd27f24"
url = "https://github.com/LuaLS/lua-language-server/releases/download/3.18.2/lua-language-server-3.18.2-linux-arm64.tar.gz"

[tools.lua-language-server."platforms.linux-arm64-musl"]
checksum = "sha256:273af33f26f4a1143f27c96d9f9e1188aba619c71e0807042134f66b4bd27f24"
url = "https://github.com/LuaLS/lua-language-server/releases/download/3.18.2/lua-language-server-3.18.2-linux-arm64.tar.gz"

[tools.lua-language-server."platforms.linux-x64"]
checksum = "sha256:ca71415dd19f19e30aaa35a4915aefca9fdb5fec31b98331cc3d77f778d539c5"
url = "https://github.com/LuaLS/lua-language-server/releases/download/3.18.2/lua-language-server-3.18.2-linux-x64.tar.gz"

[tools.lua-language-server."platforms.linux-x64-baseline"]
checksum = "sha256:ca71415dd19f19e30aaa35a4915aefca9fdb5fec31b98331cc3d77f778d539c5"
url = "https://github.com/LuaLS/lua-language-server/releases/download/3.18.2/lua-language-server-3.18.2-linux-x64.tar.gz"

[tools.lua-language-server."platforms.linux-x64-musl"]
checksum = "sha256:ca71415dd19f19e30aaa35a4915aefca9fdb5fec31b98331cc3d77f778d539c5"
url = "https://github.com/LuaLS/lua-language-server/releases/download/3.18.2/lua-language-server-3.18.2-linux-x64.tar.gz"

[tools.lua-language-server."platforms.linux-x64-musl-baseline"]
checksum = "sha256:ca71415dd19f19e30aaa35a4915aefca9fdb5fec31b98331cc3d77f778d539c5"
url = "https://github.com/LuaLS/lua-language-server/releases/download/3.18.2/lua-language-server-3.18.2-linux-x64.tar.gz"

[tools.lua-language-server."platforms.macos-arm64"]
checksum = "sha256:cec99d70b1f612acec4a10a79a03664e3aa0c229d4d8a586cb3f928ec37d509e"
url = "https://github.com/LuaLS/lua-language-server/releases/download/3.18.2/lua-language-server-3.18.2-darwin-arm64.tar.gz"

[tools.lua-language-server."platforms.macos-x64"]
checksum = "sha256:e26cfefe423dd7326fc7c649539e4d4aaa4f35f34d2fefd8af2ed7090b72c556"
url = "https://github.com/LuaLS/lua-language-server/releases/download/3.18.2/lua-language-server-3.18.2-darwin-x64.tar.gz"

[tools.lua-language-server."platforms.macos-x64-baseline"]
checksum = "sha256:e26cfefe423dd7326fc7c649539e4d4aaa4f35f34d2fefd8af2ed7090b72c556"
url = "https://github.com/LuaLS/lua-language-server/releases/download/3.18.2/lua-language-server-3.18.2-darwin-x64.tar.gz"

[tools.lua-language-server."platforms.windows-x64"]
checksum = "sha256:a4439a8f5e8e9e6505c11f045a7bf45db602124a1e246371c1dbe34924f3cf71"
url = "https://github.com/LuaLS/lua-language-server/releases/download/3.18.2/lua-language-server-3.18.2-win32-x64.zip"

[tools.lua-language-server."platforms.windows-x64-baseline"]
checksum = "sha256:a4439a8f5e8e9e6505c11f045a7bf45db602124a1e246371c1dbe34924f3cf71"
url = "https://github.com/LuaLS/lua-language-server/releases/download/3.18.2/lua-language-server-3.18.2-win32-x64.zip"

[[tools.node]]
version = "24.16.0"
backend = "core:node"

[tools.node."platforms.linux-arm64"]
checksum = "sha256:589f5b6dd4fcfee4dfda73013903c966abaa8abd93dbc9d436544e472b4f0e74"
url = "https://nodejs.org/dist/v24.16.0/node-v24.16.0-linux-arm64.tar.gz"

[tools.node."platforms.linux-arm64-musl"]
checksum = "sha256:85dde27aa73503b03dadfa0410a800067b4e3f702fb7fcaa3beaf284dfcc69e9"
url = "https://unofficial-builds.nodejs.org/download/release/v24.16.0/node-v24.16.0-linux-arm64-musl.tar.gz"

[tools.node."platforms.linux-x64"]
checksum = "sha256:2faf6a387e9b62b888e21c54f01249fb27537ffecf1842f29f4c919d0a59a0ff"
url = "https://nodejs.org/dist/v24.16.0/node-v24.16.0-linux-x64.tar.gz"

[tools.node."platforms.linux-x64-baseline"]
checksum = "sha256:2faf6a387e9b62b888e21c54f01249fb27537ffecf1842f29f4c919d0a59a0ff"
url = "https://nodejs.org/dist/v24.16.0/node-v24.16.0-linux-x64.tar.gz"

[tools.node."platforms.linux-x64-musl"]
checksum = "sha256:50df5d8d474892d4f7b906167df36f77f5b93908f63dc532dc568219cab65841"
url = "https://unofficial-builds.nodejs.org/download/release/v24.16.0/node-v24.16.0-linux-x64-musl.tar.gz"

[tools.node."platforms.linux-x64-musl-baseline"]
checksum = "sha256:50df5d8d474892d4f7b906167df36f77f5b93908f63dc532dc568219cab65841"
url = "https://unofficial-builds.nodejs.org/download/release/v24.16.0/node-v24.16.0-linux-x64-musl.tar.gz"

[tools.node."platforms.macos-arm64"]
checksum = "sha256:39189dab4eeb15706c424af0ac08a3044c9e48f7db12a7d77f6b7aafc7dd5df6"
url = "https://nodejs.org/dist/v24.16.0/node-v24.16.0-darwin-arm64.tar.gz"

[tools.node."platforms.macos-x64"]
checksum = "sha256:298b4c7b3cb80765c8703e42b90324a4ece3b6634947b89e769c3c980ab55185"
url = "https://nodejs.org/dist/v24.16.0/node-v24.16.0-darwin-x64.tar.gz"

[tools.node."platforms.macos-x64-baseline"]
checksum = "sha256:298b4c7b3cb80765c8703e42b90324a4ece3b6634947b89e769c3c980ab55185"
url = "https://nodejs.org/dist/v24.16.0/node-v24.16.0-darwin-x64.tar.gz"

[tools.node."platforms.windows-x64"]
checksum = "sha256:edaca9bd58ec8e92037dac4e877d52f6b8f430b81c18b57e264b4e2fb111cd56"
url = "https://nodejs.org/dist/v24.16.0/node-v24.16.0-win-x64.zip"

[tools.node."platforms.windows-x64-baseline"]
checksum = "sha256:edaca9bd58ec8e92037dac4e877d52f6b8f430b81c18b57e264b4e2fb111cd56"
url = "https://nodejs.org/dist/v24.16.0/node-v24.16.0-win-x64.zip"

[[tools.perl]]
version = "5.42.2.0"
backend = "aqua:skaji/relocatable-perl"

[tools.perl."platforms.linux-arm64"]
checksum = "sha256:ba0d2d24ad34d7c467e298af901caef93fd313c2385d8af61058a0fef811bac1"
url = "https://github.com/skaji/relocatable-perl/releases/download/5.42.2.0/perl-linux-arm64.tar.gz"

[tools.perl."platforms.linux-arm64-musl"]
checksum = "sha256:ba0d2d24ad34d7c467e298af901caef93fd313c2385d8af61058a0fef811bac1"
url = "https://github.com/skaji/relocatable-perl/releases/download/5.42.2.0/perl-linux-arm64.tar.gz"

[tools.perl."platforms.linux-x64"]
checksum = "sha256:18d9dc642abbf94bfb9871ae4dbddd8477984557c627a9ffcf83c834935f681f"
url = "https://github.com/skaji/relocatable-perl/releases/download/5.42.2.0/perl-linux-amd64.tar.gz"

[tools.perl."platforms.linux-x64-baseline"]
checksum = "sha256:18d9dc642abbf94bfb9871ae4dbddd8477984557c627a9ffcf83c834935f681f"
url = "https://github.com/skaji/relocatable-perl/releases/download/5.42.2.0/perl-linux-amd64.tar.gz"

[tools.perl."platforms.linux-x64-musl"]
checksum = "sha256:18d9dc642abbf94bfb9871ae4dbddd8477984557c627a9ffcf83c834935f681f"
url = "https://github.com/skaji/relocatable-perl/releases/download/5.42.2.0/perl-linux-amd64.tar.gz"

[tools.perl."platforms.linux-x64-musl-baseline"]
checksum = "sha256:18d9dc642abbf94bfb9871ae4dbddd8477984557c627a9ffcf83c834935f681f"
url = "https://github.com/skaji/relocatable-perl/releases/download/5.42.2.0/perl-linux-amd64.tar.gz"

[tools.perl."platforms.macos-arm64"]
checksum = "sha256:a8f0a254336e6be8c86285cad75731deef265e98256e61a820aa2151eaf7405a"
url = "https://github.com/skaji/relocatable-perl/releases/download/5.42.2.0/perl-darwin-arm64.tar.gz"

[tools.perl."platforms.macos-x64"]
checksum = "sha256:3049a3304e78064a27c3a22054fb08f4c07eba97151a8c92fe9dc56e9cbca317"
url = "https://github.com/skaji/relocatable-perl/releases/download/5.42.2.0/perl-darwin-amd64.tar.gz"

[tools.perl."platforms.macos-x64-baseline"]
checksum = "sha256:3049a3304e78064a27c3a22054fb08f4c07eba97151a8c92fe9dc56e9cbca317"
url = "https://github.com/skaji/relocatable-perl/releases/download/5.42.2.0/perl-darwin-amd64.tar.gz"

[[tools.ruff]]
version = "0.15.18"
backend = "aqua:astral-sh/ruff"

[tools.ruff."platforms.linux-arm64"]
checksum = "sha256:941eb7a7b8bc11f195a08393bb45def1656003031cff89af3805ca89cfd066b4"
url = "https://github.com/astral-sh/ruff/releases/download/0.15.18/ruff-aarch64-unknown-linux-musl.tar.gz"
provenance = "github-attestations"

[tools.ruff."platforms.linux-arm64-musl"]
checksum = "sha256:941eb7a7b8bc11f195a08393bb45def1656003031cff89af3805ca89cfd066b4"
url = "https://github.com/astral-sh/ruff/releases/download/0.15.18/ruff-aarch64-unknown-linux-musl.tar.gz"
provenance = "github-attestations"

[tools.ruff."platforms.linux-x64"]
checksum = "sha256:9ca54aec52cfdbe1e708cc975e41e3e736a2c1ebe76668575efe09e0701465c8"
url = "https://github.com/astral-sh/ruff/releases/download/0.15.18/ruff-x86_64-unknown-linux-musl.tar.gz"
provenance = "github-attestations"

[tools.ruff."platforms.linux-x64-baseline"]
checksum = "sha256:9ca54aec52cfdbe1e708cc975e41e3e736a2c1ebe76668575efe09e0701465c8"
url = "https://github.com/astral-sh/ruff/releases/download/0.15.18/ruff-x86_64-unknown-linux-musl.tar.gz"
provenance = "github-attestations"

[tools.ruff."platforms.linux-x64-musl"]
checksum = "sha256:9ca54aec52cfdbe1e708cc975e41e3e736a2c1ebe76668575efe09e0701465c8"
url = "https://github.com/astral-sh/ruff/releases/download/0.15.18/ruff-x86_64-unknown-linux-musl.tar.gz"
provenance = "github-attestations"

[tools.ruff."platforms.linux-x64-musl-baseline"]
checksum = "sha256:9ca54aec52cfdbe1e708cc975e41e3e736a2c1ebe76668575efe09e0701465c8"
url = "https://github.com/astral-sh/ruff/releases/download/0.15.18/ruff-x86_64-unknown-linux-musl.tar.gz"
provenance = "github-attestations"

[tools.ruff."platforms.macos-arm64"]
checksum = "sha256:f0cc66c2df37f2a11c99a85b59b8fde21b37f61df062404a0afaed387b56dad0"
url = "https://github.com/astral-sh/ruff/releases/download/0.15.18/ruff-aarch64-apple-darwin.tar.gz"
provenance = "github-attestations"

[tools.ruff."platforms.macos-x64"]
checksum = "sha256:229d2c192718fde76794185ab9339515b75a55cc1337e4ca9d60309e2c506900"
url = "https://github.com/astral-sh/ruff/releases/download/0.15.18/ruff-x86_64-apple-darwin.tar.gz"
provenance = "github-attestations"

[tools.ruff."platforms.macos-x64-baseline"]
checksum = "sha256:229d2c192718fde76794185ab9339515b75a55cc1337e4ca9d60309e2c506900"
url = "https://github.com/astral-sh/ruff/releases/download/0.15.18/ruff-x86_64-apple-darwin.tar.gz"
provenance = "github-attestations"

[tools.ruff."platforms.windows-x64"]
checksum = "sha256:2c38db5fef5984c93db7bdc395c20c5c3470fafdd8deb72150db4d2da7870d07"
url = "https://github.com/astral-sh/ruff/releases/download/0.15.18/ruff-x86_64-pc-windows-msvc.zip"
provenance = "github-attestations"

[tools.ruff."platforms.windows-x64-baseline"]
checksum = "sha256:2c38db5fef5984c93db7bdc395c20c5c3470fafdd8deb72150db4d2da7870d07"
url = "https://github.com/astral-sh/ruff/releases/download/0.15.18/ruff-x86_64-pc-windows-msvc.zip"
provenance = "github-attestations"

[[tools.shellcheck]]
version = "0.11.0"
backend = "aqua:koalaman/shellcheck"

[tools.shellcheck."platforms.linux-arm64"]
checksum = "sha256:12b331c1d2db6b9eb13cfca64306b1b157a86eb69db83023e261eaa7e7c14588"
url = "https://github.com/koalaman/shellcheck/releases/download/v0.11.0/shellcheck-v0.11.0.linux.aarch64.tar.xz"

[tools.shellcheck."platforms.linux-arm64-musl"]
checksum = "sha256:12b331c1d2db6b9eb13cfca64306b1b157a86eb69db83023e261eaa7e7c14588"
url = "https://github.com/koalaman/shellcheck/releases/download/v0.11.0/shellcheck-v0.11.0.linux.aarch64.tar.xz"

[tools.shellcheck."platforms.linux-x64"]
checksum = "sha256:8c3be12b05d5c177a04c29e3c78ce89ac86f1595681cab149b65b97c4e227198"
url = "https://github.com/koalaman/shellcheck/releases/download/v0.11.0/shellcheck-v0.11.0.linux.x86_64.tar.xz"

[tools.shellcheck."platforms.linux-x64-baseline"]
checksum = "sha256:8c3be12b05d5c177a04c29e3c78ce89ac86f1595681cab149b65b97c4e227198"
url = "https://github.com/koalaman/shellcheck/releases/download/v0.11.0/shellcheck-v0.11.0.linux.x86_64.tar.xz"

[tools.shellcheck."platforms.linux-x64-musl"]
checksum = "sha256:8c3be12b05d5c177a04c29e3c78ce89ac86f1595681cab149b65b97c4e227198"
url = "https://github.com/koalaman/shellcheck/releases/download/v0.11.0/shellcheck-v0.11.0.linux.x86_64.tar.xz"

[tools.shellcheck."platforms.linux-x64-musl-baseline"]
checksum = "sha256:8c3be12b05d5c177a04c29e3c78ce89ac86f1595681cab149b65b97c4e227198"
url = "https://github.com/koalaman/shellcheck/releases/download/v0.11.0/shellcheck-v0.11.0.linux.x86_64.tar.xz"

[tools.shellcheck."platforms.macos-arm64"]
checksum = "sha256:56affdd8de5527894dca6dc3d7e0a99a873b0f004d7aabc30ae407d3f48b0a79"
url = "https://github.com/koalaman/shellcheck/releases/download/v0.11.0/shellcheck-v0.11.0.darwin.aarch64.tar.xz"

[tools.shellcheck."platforms.macos-x64"]
checksum = "sha256:3c89db4edcab7cf1c27bff178882e0f6f27f7afdf54e859fa041fca10febe4c6"
url = "https://github.com/koalaman/shellcheck/releases/download/v0.11.0/shellcheck-v0.11.0.darwin.x86_64.tar.xz"

[tools.shellcheck."platforms.macos-x64-baseline"]
checksum = "sha256:3c89db4edcab7cf1c27bff178882e0f6f27f7afdf54e859fa041fca10febe4c6"
url = "https://github.com/koalaman/shellcheck/releases/download/v0.11.0/shellcheck-v0.11.0.darwin.x86_64.tar.xz"

[tools.shellcheck."platforms.windows-x64"]
checksum = "sha256:8a4e35ab0b331c85d73567b12f2a444df187f483e5079ceffa6bda1faa2e740e"
url = "https://github.com/koalaman/shellcheck/releases/download/v0.11.0/shellcheck-v0.11.0.zip"

[tools.shellcheck."platforms.windows-x64-baseline"]
checksum = "sha256:8a4e35ab0b331c85d73567b12f2a444df187f483e5079ceffa6bda1faa2e740e"
url = "https://github.com/koalaman/shellcheck/releases/download/v0.11.0/shellcheck-v0.11.0.zip"

[[tools.shfmt]]
version = "3.13.1"
backend = "aqua:mvdan/sh"

[tools.shfmt."platforms.linux-arm64"]
checksum = "sha256:32d92acaa5cd8abb29fc49dac123dc412442d5713967819d8af2c29f1b3857c7"
url = "https://github.com/mvdan/sh/releases/download/v3.13.1/shfmt_v3.13.1_linux_arm64"

[tools.shfmt."platforms.linux-arm64-musl"]
checksum = "sha256:32d92acaa5cd8abb29fc49dac123dc412442d5713967819d8af2c29f1b3857c7"
url = "https://github.com/mvdan/sh/releases/download/v3.13.1/shfmt_v3.13.1_linux_arm64"

[tools.shfmt."platforms.linux-x64"]
checksum = "sha256:fb096c5d1ac6beabbdbaa2874d025badb03ee07929f0c9ff67563ce8c75398b1"
url = "https://github.com/mvdan/sh/releases/download/v3.13.1/shfmt_v3.13.1_linux_amd64"

[tools.shfmt."platforms.linux-x64-baseline"]
checksum = "sha256:fb096c5d1ac6beabbdbaa2874d025badb03ee07929f0c9ff67563ce8c75398b1"
url = "https://github.com/mvdan/sh/releases/download/v3.13.1/shfmt_v3.13.1_linux_amd64"

[tools.shfmt."platforms.linux-x64-musl"]
checksum = "sha256:fb096c5d1ac6beabbdbaa2874d025badb03ee07929f0c9ff67563ce8c75398b1"
url = "https://github.com/mvdan/sh/releases/download/v3.13.1/shfmt_v3.13.1_linux_amd64"

[tools.shfmt."platforms.linux-x64-musl-baseline"]
checksum = "sha256:fb096c5d1ac6beabbdbaa2874d025badb03ee07929f0c9ff67563ce8c75398b1"
url = "https://github.com/mvdan/sh/releases/download/v3.13.1/shfmt_v3.13.1_linux_amd64"

[tools.shfmt."platforms.macos-arm64"]
checksum = "sha256:9680526be4a66ea1ffe988ed08af58e1400fe1e4f4aef5bd88b20bb9b3da33f8"
url = "https://github.com/mvdan/sh/releases/download/v3.13.1/shfmt_v3.13.1_darwin_arm64"

[tools.shfmt."platforms.macos-x64"]
checksum = "sha256:6feedafc72915794163114f512348e2437d080d0047ef8b8fa2ec63b575f12af"
url = "https://github.com/mvdan/sh/releases/download/v3.13.1/shfmt_v3.13.1_darwin_amd64"

[tools.shfmt."platforms.macos-x64-baseline"]
checksum = "sha256:6feedafc72915794163114f512348e2437d080d0047ef8b8fa2ec63b575f12af"
url = "https://github.com/mvdan/sh/releases/download/v3.13.1/shfmt_v3.13.1_darwin_amd64"

[tools.shfmt."platforms.windows-x64"]
checksum = "sha256:60cd368533d0ad73fa86d93d5bbf95ef40587245ce684ed138c1b31557b5fe97"
url = "https://github.com/mvdan/sh/releases/download/v3.13.1/shfmt_v3.13.1_windows_amd64.exe"

[tools.shfmt."platforms.windows-x64-baseline"]
checksum = "sha256:60cd368533d0ad73fa86d93d5bbf95ef40587245ce684ed138c1b31557b5fe97"
url = "https://github.com/mvdan/sh/releases/download/v3.13.1/shfmt_v3.13.1_windows_amd64.exe"

[[tools.stylua]]
version = "2.5.2"
backend = "aqua:JohnnyMorganz/StyLua"

[tools.stylua."platforms.linux-arm64"]
checksum = "sha256:0ef2ebf0b7e5a652b65c4cb96c6d9ffb3981a98547de3c764465bbf54a8d761a"
url = "https://github.com/JohnnyMorganz/StyLua/releases/download/v2.5.2/stylua-linux-aarch64.zip"

[tools.stylua."platforms.linux-arm64-musl"]
checksum = "sha256:b948df6b4bae41af9a70948174372f96a3c14d44e3e017288701539f3db8fb75"
url = "https://github.com/JohnnyMorganz/StyLua/releases/download/v2.5.2/stylua-linux-aarch64-musl.zip"

[tools.stylua."platforms.linux-x64"]
checksum = "sha256:ca6f1cf52eaf69e6632b81acef9c197aa24b85eb30d2455a35e7dbe28ae77c72"
url = "https://github.com/JohnnyMorganz/StyLua/releases/download/v2.5.2/stylua-linux-x86_64-musl.zip"

[tools.stylua."platforms.linux-x64-baseline"]
checksum = "sha256:ca6f1cf52eaf69e6632b81acef9c197aa24b85eb30d2455a35e7dbe28ae77c72"
url = "https://github.com/JohnnyMorganz/StyLua/releases/download/v2.5.2/stylua-linux-x86_64-musl.zip"

[tools.stylua."platforms.linux-x64-musl"]
checksum = "sha256:ca6f1cf52eaf69e6632b81acef9c197aa24b85eb30d2455a35e7dbe28ae77c72"
url = "https://github.com/JohnnyMorganz/StyLua/releases/download/v2.5.2/stylua-linux-x86_64-musl.zip"

[tools.stylua."platforms.linux-x64-musl-baseline"]
checksum = "sha256:ca6f1cf52eaf69e6632b81acef9c197aa24b85eb30d2455a35e7dbe28ae77c72"
url = "https://github.com/JohnnyMorganz/StyLua/releases/download/v2.5.2/stylua-linux-x86_64-musl.zip"

[tools.stylua."platforms.macos-arm64"]
checksum = "sha256:92ff0889e16324801bc072692974bb67f8161e62010fc90f96c62a17f81f32c7"
url = "https://github.com/JohnnyMorganz/StyLua/releases/download/v2.5.2/stylua-macos-aarch64.zip"

[tools.stylua."platforms.macos-x64"]
checksum = "sha256:53c50a1605d0a6345d160a1a5a21db40bcf2bf9cd23c17f7c277a63a1bff3a7f"
url = "https://github.com/JohnnyMorganz/StyLua/releases/download/v2.5.2/stylua-macos-x86_64.zip"

[tools.stylua."platforms.macos-x64-baseline"]
checksum = "sha256:53c50a1605d0a6345d160a1a5a21db40bcf2bf9cd23c17f7c277a63a1bff3a7f"
url = "https://github.com/JohnnyMorganz/StyLua/releases/download/v2.5.2/stylua-macos-x86_64.zip"

[tools.stylua."platforms.windows-x64"]
checksum = "sha256:e77d0ea1226b8b389b43f702240091249a96eea25857281f90ea24d0eb9eb969"
url = "https://github.com/JohnnyMorganz/StyLua/releases/download/v2.5.2/stylua-windows-x86_64.zip"

[tools.stylua."platforms.windows-x64-baseline"]
checksum = "sha256:e77d0ea1226b8b389b43f702240091249a96eea25857281f90ea24d0eb9eb969"
url = "https://github.com/JohnnyMorganz/StyLua/releases/download/v2.5.2/stylua-windows-x86_64.zip"

[[tools.ty]]
version = "0.0.51"
backend = "aqua:astral-sh/ty"

[tools.ty."platforms.linux-arm64"]
checksum = "sha256:9cb9ee6cce096464fdbd70429d89c43bab6c0d44e480768c7b37ccd9a160b08d"
url = "https://github.com/astral-sh/ty/releases/download/0.0.51/ty-aarch64-unknown-linux-musl.tar.gz"
provenance = "github-attestations"

[tools.ty."platforms.linux-arm64-musl"]
checksum = "sha256:9cb9ee6cce096464fdbd70429d89c43bab6c0d44e480768c7b37ccd9a160b08d"
url = "https://github.com/astral-sh/ty/releases/download/0.0.51/ty-aarch64-unknown-linux-musl.tar.gz"
provenance = "github-attestations"

[tools.ty."platforms.linux-x64"]
checksum = "sha256:b125ba190f4468bb8239338db53fe3d24d2de5eb0ad9f930ede8d7070544d4f3"
url = "https://github.com/astral-sh/ty/releases/download/0.0.51/ty-x86_64-unknown-linux-musl.tar.gz"
provenance = "github-attestations"

[tools.ty."platforms.linux-x64-baseline"]
checksum = "sha256:b125ba190f4468bb8239338db53fe3d24d2de5eb0ad9f930ede8d7070544d4f3"
url = "https://github.com/astral-sh/ty/releases/download/0.0.51/ty-x86_64-unknown-linux-musl.tar.gz"
provenance = "github-attestations"

[tools.ty."platforms.linux-x64-musl"]
checksum = "sha256:b125ba190f4468bb8239338db53fe3d24d2de5eb0ad9f930ede8d7070544d4f3"
url = "https://github.com/astral-sh/ty/releases/download/0.0.51/ty-x86_64-unknown-linux-musl.tar.gz"
provenance = "github-attestations"

[tools.ty."platforms.linux-x64-musl-baseline"]
checksum = "sha256:b125ba190f4468bb8239338db53fe3d24d2de5eb0ad9f930ede8d7070544d4f3"
url = "https://github.com/astral-sh/ty/releases/download/0.0.51/ty-x86_64-unknown-linux-musl.tar.gz"
provenance = "github-attestations"

[tools.ty."platforms.macos-arm64"]
checksum = "sha256:6e716ea9766bba8ccb76ce56c51007e3c5866a521e16919b6f4bdda5ce7620dc"
url = "https://github.com/astral-sh/ty/releases/download/0.0.51/ty-aarch64-apple-darwin.tar.gz"
provenance = "github-attestations"

[tools.ty."platforms.macos-x64"]
checksum = "sha256:1f233d3a089c6873605619a78a86ba9146389e34813ab241a0c4a1781cf52057"
url = "https://github.com/astral-sh/ty/releases/download/0.0.51/ty-x86_64-apple-darwin.tar.gz"
provenance = "github-attestations"

[tools.ty."platforms.macos-x64-baseline"]
checksum = "sha256:1f233d3a089c6873605619a78a86ba9146389e34813ab241a0c4a1781cf52057"
url = "https://github.com/astral-sh/ty/releases/download/0.0.51/ty-x86_64-apple-darwin.tar.gz"
provenance = "github-attestations"

[tools.ty."platforms.windows-x64"]
checksum = "sha256:b6f37068547927dee6c92d5fd19387f7f12786c2a0f90fea285cc39ad46d0a7e"
url = "https://github.com/astral-sh/ty/releases/download/0.0.51/ty-x86_64-pc-windows-msvc.zip"
provenance = "github-attestations"

[tools.ty."platforms.windows-x64-baseline"]
checksum = "sha256:b6f37068547927dee6c92d5fd19387f7f12786c2a0f90fea285cc39ad46d0a7e"
url = "https://github.com/astral-sh/ty/releases/download/0.0.51/ty-x86_64-pc-windows-msvc.zip"
provenance = "github-attestations"
