# @generated - this file is auto-generated by `mise lock` https://mise.en.dev/dev-tools/mise-lock.html

[[tools.bun]]
version = "1.3.13"
backend = "core:bun"

[tools.bun."platforms.linux-arm64"]
checksum = "sha256:70bae41b3908b0a120e1e58c5c8af30e74afae3b8d11b0d3fdd8e787ddfb4b22"
url = "https://github.com/oven-sh/bun/releases/download/bun-v1.3.13/bun-linux-aarch64.zip"

[tools.bun."platforms.linux-arm64-musl"]
checksum = "sha256:5385e978107ce4934298d8d6afe9bfbb898683f6cc23e6753a0da60bc60c5b81"
url = "https://github.com/oven-sh/bun/releases/download/bun-v1.3.13/bun-linux-aarch64-musl.zip"

[tools.bun."platforms.linux-x64"]
checksum = "sha256:79c0771fa8b92c33aae41e15a0e0d307ea99d0e2f00317c71c6c53237a78e25a"
url = "https://github.com/oven-sh/bun/releases/download/bun-v1.3.13/bun-linux-x64.zip"

[tools.bun."platforms.linux-x64-baseline"]
checksum = "sha256:9d8a24292a7068090205daac0a5a223f5f69736f5287e37bf88d3b4031edc750"
url = "https://github.com/oven-sh/bun/releases/download/bun-v1.3.13/bun-linux-x64-baseline.zip"

[tools.bun."platforms.linux-x64-musl"]
checksum = "sha256:5b91a48f0b00df9fd2da8bff1a795d2659d842da966432969203f25da19d1c74"
url = "https://github.com/oven-sh/bun/releases/download/bun-v1.3.13/bun-linux-x64-musl.zip"

[tools.bun."platforms.linux-x64-musl-baseline"]
checksum = "sha256:88ca7c7ad235b498f549eea2f770f434e9f0f5e9ba95168a2d3a1f235184c394"
url = "https://github.com/oven-sh/bun/releases/download/bun-v1.3.13/bun-linux-x64-musl-baseline.zip"

[tools.bun."platforms.macos-arm64"]
checksum = "sha256:5467e3f65dba526b9fea98f0cce04efafc0c63e169733ec27b876a3ad32da190"
url = "https://github.com/oven-sh/bun/releases/download/bun-v1.3.13/bun-darwin-aarch64.zip"

[tools.bun."platforms.macos-x64"]
checksum = "sha256:e5a6c8b64f419925232d111ecb13e25f0abf55e54f792341f987623fd0778009"
url = "https://github.com/oven-sh/bun/releases/download/bun-v1.3.13/bun-darwin-x64.zip"

[tools.bun."platforms.macos-x64-baseline"]
checksum = "sha256:a98ba6a480f22fda9b343626b906a4e26aa53618bf85d2bc5928ecf2ba45f0ed"
url = "https://github.com/oven-sh/bun/releases/download/bun-v1.3.13/bun-darwin-x64-baseline.zip"

[tools.bun."platforms.windows-x64"]
checksum = "sha256:85b14f3e0584218e9b63407b3aa6b90c4835ec5c32435c1f12cb6fc13667c7c9"
url = "https://github.com/oven-sh/bun/releases/download/bun-v1.3.13/bun-windows-x64.zip"

[tools.bun."platforms.windows-x64-baseline"]
checksum = "sha256:c68c7903c1190101590cc1b2129835f47211b3b37ae87759f2b97d6534aa3ad1"
url = "https://github.com/oven-sh/bun/releases/download/bun-v1.3.13/bun-windows-x64-baseline.zip"

[[tools.devcontainer-cli]]
version = "0.86.1"
backend = "npm:@devcontainers/cli"

[[tools.go]]
version = "1.26.3"
backend = "core:go"

[tools.go."platforms.linux-arm64"]
checksum = "sha256:9d89a3ea57d141c2b22d70083f2c8459ba3890f2d9e818e7e933b75614936565"
url = "https://dl.google.com/go/go1.26.3.linux-arm64.tar.gz"

[tools.go."platforms.linux-arm64-musl"]
checksum = "sha256:9d89a3ea57d141c2b22d70083f2c8459ba3890f2d9e818e7e933b75614936565"
url = "https://dl.google.com/go/go1.26.3.linux-arm64.tar.gz"

[tools.go."platforms.linux-x64"]
checksum = "sha256:2b2cfc7148493da5e73981bffbf3353af381d5f93e789c82c79aff64962eb556"
url = "https://dl.google.com/go/go1.26.3.linux-amd64.tar.gz"

[tools.go."platforms.linux-x64-baseline"]
checksum = "sha256:2b2cfc7148493da5e73981bffbf3353af381d5f93e789c82c79aff64962eb556"
url = "https://dl.google.com/go/go1.26.3.linux-amd64.tar.gz"

[tools.go."platforms.linux-x64-musl"]
checksum = "sha256:2b2cfc7148493da5e73981bffbf3353af381d5f93e789c82c79aff64962eb556"
url = "https://dl.google.com/go/go1.26.3.linux-amd64.tar.gz"

[tools.go."platforms.linux-x64-musl-baseline"]
checksum = "sha256:2b2cfc7148493da5e73981bffbf3353af381d5f93e789c82c79aff64962eb556"
url = "https://dl.google.com/go/go1.26.3.linux-amd64.tar.gz"

[tools.go."platforms.macos-arm64"]
checksum = "sha256:875cf54a15311eee2c99b9dd67c68c4a49351d489ab622bf2cfd28c8f2078d3c"
url = "https://dl.google.com/go/go1.26.3.darwin-arm64.tar.gz"

[tools.go."platforms.macos-x64"]
checksum = "sha256:278d580b32e299fe4a9c990fcf2d02acfe538c7e551a6ee18f9c7164573d2c63"
url = "https://dl.google.com/go/go1.26.3.darwin-amd64.tar.gz"

[tools.go."platforms.macos-x64-baseline"]
checksum = "sha256:278d580b32e299fe4a9c990fcf2d02acfe538c7e551a6ee18f9c7164573d2c63"
url = "https://dl.google.com/go/go1.26.3.darwin-amd64.tar.gz"

[tools.go."platforms.windows-x64"]
checksum = "sha256:20d2ceafb4ed41b96b879010927b28bc92a5be57a7c1801ce365a9ca51d3224a"
url = "https://dl.google.com/go/go1.26.3.windows-amd64.zip"

[tools.go."platforms.windows-x64-baseline"]
checksum = "sha256:20d2ceafb4ed41b96b879010927b28bc92a5be57a7c1801ce365a9ca51d3224a"
url = "https://dl.google.com/go/go1.26.3.windows-amd64.zip"

[[tools."go:golang.org/x/tools/gopls"]]
version = "0.21.1"
backend = "go:golang.org/x/tools/gopls"

[[tools.lua-language-server]]
version = "3.18.2"
backend = "aqua:LuaLS/lua-language-server"

[tools.lua-language-server."platforms.linux-arm64"]
checksum = "sha256:273af33f26f4a1143f27c96d9f9e1188aba619c71e0807042134f66b4bd27f24"
url = "https://github.com/LuaLS/lua-language-server/releases/download/3.18.2/lua-language-server-3.18.2-linux-arm64.tar.gz"

[tools.lua-language-server."platforms.linux-arm64-musl"]
checksum = "sha256:273af33f26f4a1143f27c96d9f9e1188aba619c71e0807042134f66b4bd27f24"
url = "https://github.com/LuaLS/lua-language-server/releases/download/3.18.2/lua-language-server-3.18.2-linux-arm64.tar.gz"

[tools.lua-language-server."platforms.linux-x64"]
checksum = "sha256:ca71415dd19f19e30aaa35a4915aefca9fdb5fec31b98331cc3d77f778d539c5"
url = "https://github.com/LuaLS/lua-language-server/releases/download/3.18.2/lua-language-server-3.18.2-linux-x64.tar.gz"

[tools.lua-language-server."platforms.linux-x64-baseline"]
checksum = "sha256:ca71415dd19f19e30aaa35a4915aefca9fdb5fec31b98331cc3d77f778d539c5"
url = "https://github.com/LuaLS/lua-language-server/releases/download/3.18.2/lua-language-server-3.18.2-linux-x64.tar.gz"

[tools.lua-language-server."platforms.linux-x64-musl"]
checksum = "sha256:ca71415dd19f19e30aaa35a4915aefca9fdb5fec31b98331cc3d77f778d539c5"
url = "https://github.com/LuaLS/lua-language-server/releases/download/3.18.2/lua-language-server-3.18.2-linux-x64.tar.gz"

[tools.lua-language-server."platforms.linux-x64-musl-baseline"]
checksum = "sha256:ca71415dd19f19e30aaa35a4915aefca9fdb5fec31b98331cc3d77f778d539c5"
url = "https://github.com/LuaLS/lua-language-server/releases/download/3.18.2/lua-language-server-3.18.2-linux-x64.tar.gz"

[tools.lua-language-server."platforms.macos-arm64"]
checksum = "sha256:cec99d70b1f612acec4a10a79a03664e3aa0c229d4d8a586cb3f928ec37d509e"
url = "https://github.com/LuaLS/lua-language-server/releases/download/3.18.2/lua-language-server-3.18.2-darwin-arm64.tar.gz"

[tools.lua-language-server."platforms.macos-x64"]
checksum = "sha256:e26cfefe423dd7326fc7c649539e4d4aaa4f35f34d2fefd8af2ed7090b72c556"
url = "https://github.com/LuaLS/lua-language-server/releases/download/3.18.2/lua-language-server-3.18.2-darwin-x64.tar.gz"

[tools.lua-language-server."platforms.macos-x64-baseline"]
checksum = "sha256:e26cfefe423dd7326fc7c649539e4d4aaa4f35f34d2fefd8af2ed7090b72c556"
url = "https://github.com/LuaLS/lua-language-server/releases/download/3.18.2/lua-language-server-3.18.2-darwin-x64.tar.gz"

[tools.lua-language-server."platforms.windows-x64"]
checksum = "sha256:a4439a8f5e8e9e6505c11f045a7bf45db602124a1e246371c1dbe34924f3cf71"
url = "https://github.com/LuaLS/lua-language-server/releases/download/3.18.2/lua-language-server-3.18.2-win32-x64.zip"

[tools.lua-language-server."platforms.windows-x64-baseline"]
checksum = "sha256:a4439a8f5e8e9e6505c11f045a7bf45db602124a1e246371c1dbe34924f3cf71"
url = "https://github.com/LuaLS/lua-language-server/releases/download/3.18.2/lua-language-server-3.18.2-win32-x64.zip"

[[tools.node]]
version = "24.15.0"
backend = "core:node"

[tools.node."platforms.linux-arm64"]
checksum = "sha256:73afc234d558c24919875f51c2d1ea002a2ada4ea6f83601a383869fefa64eed"
url = "https://nodejs.org/dist/v24.15.0/node-v24.15.0-linux-arm64.tar.gz"

[tools.node."platforms.linux-arm64-musl"]
checksum = "sha256:73afc234d558c24919875f51c2d1ea002a2ada4ea6f83601a383869fefa64eed"
url = "https://nodejs.org/dist/v24.15.0/node-v24.15.0-linux-arm64.tar.gz"

[tools.node."platforms.linux-x64"]
checksum = "sha256:44836872d9aec49f1e6b52a9a922872db9a2b02d235a616a5681b6a85fec8d89"
url = "https://nodejs.org/dist/v24.15.0/node-v24.15.0-linux-x64.tar.gz"

[tools.node."platforms.linux-x64-baseline"]
checksum = "sha256:44836872d9aec49f1e6b52a9a922872db9a2b02d235a616a5681b6a85fec8d89"
url = "https://nodejs.org/dist/v24.15.0/node-v24.15.0-linux-x64.tar.gz"

[tools.node."platforms.linux-x64-musl"]
checksum = "sha256:44836872d9aec49f1e6b52a9a922872db9a2b02d235a616a5681b6a85fec8d89"
url = "https://nodejs.org/dist/v24.15.0/node-v24.15.0-linux-x64.tar.gz"

[tools.node."platforms.linux-x64-musl-baseline"]
checksum = "sha256:44836872d9aec49f1e6b52a9a922872db9a2b02d235a616a5681b6a85fec8d89"
url = "https://nodejs.org/dist/v24.15.0/node-v24.15.0-linux-x64.tar.gz"

[tools.node."platforms.macos-arm64"]
checksum = "sha256:372331b969779ab5d15b949884fc6eaf88d5afe87bde8ba881d6400b9100ffc4"
url = "https://nodejs.org/dist/v24.15.0/node-v24.15.0-darwin-arm64.tar.gz"

[tools.node."platforms.macos-x64"]
checksum = "sha256:ffd5ee293467927f3ee731a553eb88fd1f48cf74eebc2d74a6babe4af228673b"
url = "https://nodejs.org/dist/v24.15.0/node-v24.15.0-darwin-x64.tar.gz"

[tools.node."platforms.macos-x64-baseline"]
checksum = "sha256:ffd5ee293467927f3ee731a553eb88fd1f48cf74eebc2d74a6babe4af228673b"
url = "https://nodejs.org/dist/v24.15.0/node-v24.15.0-darwin-x64.tar.gz"

[tools.node."platforms.windows-x64"]
checksum = "sha256:cc5149eabd53779ce1e7bdc5401643622d0c7e6800ade18928a767e940bb0e62"
url = "https://nodejs.org/dist/v24.15.0/node-v24.15.0-win-x64.zip"

[tools.node."platforms.windows-x64-baseline"]
checksum = "sha256:cc5149eabd53779ce1e7bdc5401643622d0c7e6800ade18928a767e940bb0e62"
url = "https://nodejs.org/dist/v24.15.0/node-v24.15.0-win-x64.zip"

[[tools.perl]]
version = "5.42.1.0"
backend = "aqua:skaji/relocatable-perl"

[tools.perl."platforms.linux-arm64"]
checksum = "sha256:cd24a069bb7a1d572ae93f11d1669647019971d3dffd182e37d7a1d6eea9cda9"
url = "https://github.com/skaji/relocatable-perl/releases/download/5.42.1.0/perl-linux-arm64.tar.gz"

[tools.perl."platforms.linux-arm64-musl"]
checksum = "sha256:cd24a069bb7a1d572ae93f11d1669647019971d3dffd182e37d7a1d6eea9cda9"
url = "https://github.com/skaji/relocatable-perl/releases/download/5.42.1.0/perl-linux-arm64.tar.gz"

[tools.perl."platforms.linux-x64"]
checksum = "sha256:610aa0699848d3c78da657b46a6a68b79c24b180a03f0f9a177e8ed2e7e776c8"
url = "https://github.com/skaji/relocatable-perl/releases/download/5.42.1.0/perl-linux-amd64.tar.gz"

[tools.perl."platforms.linux-x64-baseline"]
checksum = "sha256:610aa0699848d3c78da657b46a6a68b79c24b180a03f0f9a177e8ed2e7e776c8"
url = "https://github.com/skaji/relocatable-perl/releases/download/5.42.1.0/perl-linux-amd64.tar.gz"

[tools.perl."platforms.linux-x64-musl"]
checksum = "sha256:610aa0699848d3c78da657b46a6a68b79c24b180a03f0f9a177e8ed2e7e776c8"
url = "https://github.com/skaji/relocatable-perl/releases/download/5.42.1.0/perl-linux-amd64.tar.gz"

[tools.perl."platforms.linux-x64-musl-baseline"]
checksum = "sha256:610aa0699848d3c78da657b46a6a68b79c24b180a03f0f9a177e8ed2e7e776c8"
url = "https://github.com/skaji/relocatable-perl/releases/download/5.42.1.0/perl-linux-amd64.tar.gz"

[tools.perl."platforms.macos-arm64"]
checksum = "sha256:d0b4e7bc877f144739822e171d95914c2910d6aa0ca69e7ae4916c6e41d65edf"
url = "https://github.com/skaji/relocatable-perl/releases/download/5.42.1.0/perl-darwin-arm64.tar.gz"

[tools.perl."platforms.macos-x64"]
checksum = "sha256:d9eb990ac7c0eb5205af0bc7705a3303c290910d7ed12c2aa7b419fdbf950219"
url = "https://github.com/skaji/relocatable-perl/releases/download/5.42.1.0/perl-darwin-amd64.tar.gz"

[tools.perl."platforms.macos-x64-baseline"]
checksum = "sha256:d9eb990ac7c0eb5205af0bc7705a3303c290910d7ed12c2aa7b419fdbf950219"
url = "https://github.com/skaji/relocatable-perl/releases/download/5.42.1.0/perl-darwin-amd64.tar.gz"

[[tools.ruff]]
version = "0.15.11"
backend = "aqua:astral-sh/ruff"

[tools.ruff."platforms.linux-arm64"]
checksum = "sha256:4d196496a51d4bbefc4a2a65049364c920b470afd320befa20516e59d1c065e2"
url = "https://github.com/astral-sh/ruff/releases/download/0.15.11/ruff-aarch64-unknown-linux-musl.tar.gz"
provenance = "github-attestations"

[tools.ruff."platforms.linux-arm64-musl"]
checksum = "sha256:4d196496a51d4bbefc4a2a65049364c920b470afd320befa20516e59d1c065e2"
url = "https://github.com/astral-sh/ruff/releases/download/0.15.11/ruff-aarch64-unknown-linux-musl.tar.gz"
provenance = "github-attestations"

[tools.ruff."platforms.linux-x64"]
checksum = "sha256:ea286f17b66054a3aac2672158b9ac194030d89043ff108357edd9b20123219a"
url = "https://github.com/astral-sh/ruff/releases/download/0.15.11/ruff-x86_64-unknown-linux-musl.tar.gz"
provenance = "github-attestations"

[tools.ruff."platforms.linux-x64-baseline"]
checksum = "sha256:ea286f17b66054a3aac2672158b9ac194030d89043ff108357edd9b20123219a"
url = "https://github.com/astral-sh/ruff/releases/download/0.15.11/ruff-x86_64-unknown-linux-musl.tar.gz"
provenance = "github-attestations"

[tools.ruff."platforms.linux-x64-musl"]
checksum = "sha256:ea286f17b66054a3aac2672158b9ac194030d89043ff108357edd9b20123219a"
url = "https://github.com/astral-sh/ruff/releases/download/0.15.11/ruff-x86_64-unknown-linux-musl.tar.gz"
provenance = "github-attestations"

[tools.ruff."platforms.linux-x64-musl-baseline"]
checksum = "sha256:ea286f17b66054a3aac2672158b9ac194030d89043ff108357edd9b20123219a"
url = "https://github.com/astral-sh/ruff/releases/download/0.15.11/ruff-x86_64-unknown-linux-musl.tar.gz"
provenance = "github-attestations"

[tools.ruff."platforms.macos-arm64"]
checksum = "sha256:89cd4370b5c5d7ab01f436bd5d878293c9858e4e964a3da3013c49549198dc8b"
url = "https://github.com/astral-sh/ruff/releases/download/0.15.11/ruff-aarch64-apple-darwin.tar.gz"
provenance = "github-attestations"

[tools.ruff."platforms.macos-x64"]
checksum = "sha256:c6f2c36fc5f3d14ffc2db1e205aa69756de485771f39848afe848c16b8a1a648"
url = "https://github.com/astral-sh/ruff/releases/download/0.15.11/ruff-x86_64-apple-darwin.tar.gz"
provenance = "github-attestations"

[tools.ruff."platforms.macos-x64-baseline"]
checksum = "sha256:c6f2c36fc5f3d14ffc2db1e205aa69756de485771f39848afe848c16b8a1a648"
url = "https://github.com/astral-sh/ruff/releases/download/0.15.11/ruff-x86_64-apple-darwin.tar.gz"
provenance = "github-attestations"

[tools.ruff."platforms.windows-x64"]
checksum = "sha256:d1f76eac07c279aafc594d9ba4c6f658f7cb433002aeeadbe2959229fc368881"
url = "https://github.com/astral-sh/ruff/releases/download/0.15.11/ruff-x86_64-pc-windows-msvc.zip"
provenance = "github-attestations"

[tools.ruff."platforms.windows-x64-baseline"]
checksum = "sha256:d1f76eac07c279aafc594d9ba4c6f658f7cb433002aeeadbe2959229fc368881"
url = "https://github.com/astral-sh/ruff/releases/download/0.15.11/ruff-x86_64-pc-windows-msvc.zip"
provenance = "github-attestations"

[[tools.shellcheck]]
version = "0.11.0"
backend = "aqua:koalaman/shellcheck"

[tools.shellcheck."platforms.linux-arm64"]
checksum = "sha256:12b331c1d2db6b9eb13cfca64306b1b157a86eb69db83023e261eaa7e7c14588"
url = "https://github.com/koalaman/shellcheck/releases/download/v0.11.0/shellcheck-v0.11.0.linux.aarch64.tar.xz"

[tools.shellcheck."platforms.linux-arm64-musl"]
checksum = "sha256:12b331c1d2db6b9eb13cfca64306b1b157a86eb69db83023e261eaa7e7c14588"
url = "https://github.com/koalaman/shellcheck/releases/download/v0.11.0/shellcheck-v0.11.0.linux.aarch64.tar.xz"

[tools.shellcheck."platforms.linux-x64"]
checksum = "sha256:8c3be12b05d5c177a04c29e3c78ce89ac86f1595681cab149b65b97c4e227198"
url = "https://github.com/koalaman/shellcheck/releases/download/v0.11.0/shellcheck-v0.11.0.linux.x86_64.tar.xz"

[tools.shellcheck."platforms.linux-x64-baseline"]
checksum = "sha256:8c3be12b05d5c177a04c29e3c78ce89ac86f1595681cab149b65b97c4e227198"
url = "https://github.com/koalaman/shellcheck/releases/download/v0.11.0/shellcheck-v0.11.0.linux.x86_64.tar.xz"

[tools.shellcheck."platforms.linux-x64-musl"]
checksum = "sha256:8c3be12b05d5c177a04c29e3c78ce89ac86f1595681cab149b65b97c4e227198"
url = "https://github.com/koalaman/shellcheck/releases/download/v0.11.0/shellcheck-v0.11.0.linux.x86_64.tar.xz"

[tools.shellcheck."platforms.linux-x64-musl-baseline"]
checksum = "sha256:8c3be12b05d5c177a04c29e3c78ce89ac86f1595681cab149b65b97c4e227198"
url = "https://github.com/koalaman/shellcheck/releases/download/v0.11.0/shellcheck-v0.11.0.linux.x86_64.tar.xz"

[tools.shellcheck."platforms.macos-arm64"]
checksum = "sha256:56affdd8de5527894dca6dc3d7e0a99a873b0f004d7aabc30ae407d3f48b0a79"
url = "https://github.com/koalaman/shellcheck/releases/download/v0.11.0/shellcheck-v0.11.0.darwin.aarch64.tar.xz"

[tools.shellcheck."platforms.macos-x64"]
checksum = "sha256:3c89db4edcab7cf1c27bff178882e0f6f27f7afdf54e859fa041fca10febe4c6"
url = "https://github.com/koalaman/shellcheck/releases/download/v0.11.0/shellcheck-v0.11.0.darwin.x86_64.tar.xz"

[tools.shellcheck."platforms.macos-x64-baseline"]
checksum = "sha256:3c89db4edcab7cf1c27bff178882e0f6f27f7afdf54e859fa041fca10febe4c6"
url = "https://github.com/koalaman/shellcheck/releases/download/v0.11.0/shellcheck-v0.11.0.darwin.x86_64.tar.xz"

[tools.shellcheck."platforms.windows-x64"]
checksum = "sha256:8a4e35ab0b331c85d73567b12f2a444df187f483e5079ceffa6bda1faa2e740e"
url = "https://github.com/koalaman/shellcheck/releases/download/v0.11.0/shellcheck-v0.11.0.zip"

[tools.shellcheck."platforms.windows-x64-baseline"]
checksum = "sha256:8a4e35ab0b331c85d73567b12f2a444df187f483e5079ceffa6bda1faa2e740e"
url = "https://github.com/koalaman/shellcheck/releases/download/v0.11.0/shellcheck-v0.11.0.zip"

[[tools.shfmt]]
version = "3.13.1"
backend = "aqua:mvdan/sh"

[tools.shfmt."platforms.linux-arm64"]
checksum = "sha256:32d92acaa5cd8abb29fc49dac123dc412442d5713967819d8af2c29f1b3857c7"
url = "https://github.com/mvdan/sh/releases/download/v3.13.1/shfmt_v3.13.1_linux_arm64"

[tools.shfmt."platforms.linux-arm64-musl"]
checksum = "sha256:32d92acaa5cd8abb29fc49dac123dc412442d5713967819d8af2c29f1b3857c7"
url = "https://github.com/mvdan/sh/releases/download/v3.13.1/shfmt_v3.13.1_linux_arm64"

[tools.shfmt."platforms.linux-x64"]
checksum = "sha256:fb096c5d1ac6beabbdbaa2874d025badb03ee07929f0c9ff67563ce8c75398b1"
url = "https://github.com/mvdan/sh/releases/download/v3.13.1/shfmt_v3.13.1_linux_amd64"

[tools.shfmt."platforms.linux-x64-baseline"]
checksum = "sha256:fb096c5d1ac6beabbdbaa2874d025badb03ee07929f0c9ff67563ce8c75398b1"
url = "https://github.com/mvdan/sh/releases/download/v3.13.1/shfmt_v3.13.1_linux_amd64"

[tools.shfmt."platforms.linux-x64-musl"]
checksum = "sha256:fb096c5d1ac6beabbdbaa2874d025badb03ee07929f0c9ff67563ce8c75398b1"
url = "https://github.com/mvdan/sh/releases/download/v3.13.1/shfmt_v3.13.1_linux_amd64"

[tools.shfmt."platforms.linux-x64-musl-baseline"]
checksum = "sha256:fb096c5d1ac6beabbdbaa2874d025badb03ee07929f0c9ff67563ce8c75398b1"
url = "https://github.com/mvdan/sh/releases/download/v3.13.1/shfmt_v3.13.1_linux_amd64"

[tools.shfmt."platforms.macos-arm64"]
checksum = "sha256:9680526be4a66ea1ffe988ed08af58e1400fe1e4f4aef5bd88b20bb9b3da33f8"
url = "https://github.com/mvdan/sh/releases/download/v3.13.1/shfmt_v3.13.1_darwin_arm64"

[tools.shfmt."platforms.macos-x64"]
checksum = "sha256:6feedafc72915794163114f512348e2437d080d0047ef8b8fa2ec63b575f12af"
url = "https://github.com/mvdan/sh/releases/download/v3.13.1/shfmt_v3.13.1_darwin_amd64"

[tools.shfmt."platforms.macos-x64-baseline"]
checksum = "sha256:6feedafc72915794163114f512348e2437d080d0047ef8b8fa2ec63b575f12af"
url = "https://github.com/mvdan/sh/releases/download/v3.13.1/shfmt_v3.13.1_darwin_amd64"

[tools.shfmt."platforms.windows-x64"]
checksum = "sha256:60cd368533d0ad73fa86d93d5bbf95ef40587245ce684ed138c1b31557b5fe97"
url = "https://github.com/mvdan/sh/releases/download/v3.13.1/shfmt_v3.13.1_windows_amd64.exe"

[tools.shfmt."platforms.windows-x64-baseline"]
checksum = "sha256:60cd368533d0ad73fa86d93d5bbf95ef40587245ce684ed138c1b31557b5fe97"
url = "https://github.com/mvdan/sh/releases/download/v3.13.1/shfmt_v3.13.1_windows_amd64.exe"

[[tools.stylua]]
version = "2.4.1"
backend = "aqua:JohnnyMorganz/StyLua"

[tools.stylua."platforms.linux-arm64"]
checksum = "sha256:ce8363cf77fb88f31e5cd8fe4cd8a61ff63ac0483bc5e38a1e24c5a894f04035"
url = "https://github.com/JohnnyMorganz/StyLua/releases/download/v2.4.1/stylua-linux-aarch64.zip"

[tools.stylua."platforms.linux-arm64-musl"]
checksum = "sha256:ce8363cf77fb88f31e5cd8fe4cd8a61ff63ac0483bc5e38a1e24c5a894f04035"
url = "https://github.com/JohnnyMorganz/StyLua/releases/download/v2.4.1/stylua-linux-aarch64.zip"

[tools.stylua."platforms.linux-x64"]
checksum = "sha256:cb9280d967a3f83e443b354a6497b562de4acc1daccf4456df0f7232653d3843"
url = "https://github.com/JohnnyMorganz/StyLua/releases/download/v2.4.1/stylua-linux-x86_64-musl.zip"

[tools.stylua."platforms.linux-x64-baseline"]
checksum = "sha256:cb9280d967a3f83e443b354a6497b562de4acc1daccf4456df0f7232653d3843"
url = "https://github.com/JohnnyMorganz/StyLua/releases/download/v2.4.1/stylua-linux-x86_64-musl.zip"

[tools.stylua."platforms.linux-x64-musl"]
checksum = "sha256:cb9280d967a3f83e443b354a6497b562de4acc1daccf4456df0f7232653d3843"
url = "https://github.com/JohnnyMorganz/StyLua/releases/download/v2.4.1/stylua-linux-x86_64-musl.zip"

[tools.stylua."platforms.linux-x64-musl-baseline"]
checksum = "sha256:cb9280d967a3f83e443b354a6497b562de4acc1daccf4456df0f7232653d3843"
url = "https://github.com/JohnnyMorganz/StyLua/releases/download/v2.4.1/stylua-linux-x86_64-musl.zip"

[tools.stylua."platforms.macos-arm64"]
checksum = "sha256:c1680c337c8d799b4226a10e8ac6744606fd00b01eb3046120b5226e31306809"
url = "https://github.com/JohnnyMorganz/StyLua/releases/download/v2.4.1/stylua-macos-aarch64.zip"

[tools.stylua."platforms.macos-x64"]
checksum = "sha256:985dc2c791ef5f0bfbaea99f18b01322613f5c6985979a8346c346a341043331"
url = "https://github.com/JohnnyMorganz/StyLua/releases/download/v2.4.1/stylua-macos-x86_64.zip"

[tools.stylua."platforms.macos-x64-baseline"]
checksum = "sha256:985dc2c791ef5f0bfbaea99f18b01322613f5c6985979a8346c346a341043331"
url = "https://github.com/JohnnyMorganz/StyLua/releases/download/v2.4.1/stylua-macos-x86_64.zip"

[tools.stylua."platforms.windows-x64"]
checksum = "sha256:9b1627b6034aa7ea0ce80485d2a07e777447548839a40acda6e30824a2bba07a"
url = "https://github.com/JohnnyMorganz/StyLua/releases/download/v2.4.1/stylua-windows-x86_64.zip"

[tools.stylua."platforms.windows-x64-baseline"]
checksum = "sha256:9b1627b6034aa7ea0ce80485d2a07e777447548839a40acda6e30824a2bba07a"
url = "https://github.com/JohnnyMorganz/StyLua/releases/download/v2.4.1/stylua-windows-x86_64.zip"

[[tools.ty]]
version = "0.0.34"
backend = "aqua:astral-sh/ty"

[tools.ty."platforms.linux-arm64"]
checksum = "sha256:658fbb36846d28ed4e71df0ddaf3bf6f5ac64913ae2fe2105b086436a123e3fd"
url = "https://github.com/astral-sh/ty/releases/download/0.0.34/ty-aarch64-unknown-linux-musl.tar.gz"
provenance = "github-attestations"

[tools.ty."platforms.linux-arm64-musl"]
checksum = "sha256:658fbb36846d28ed4e71df0ddaf3bf6f5ac64913ae2fe2105b086436a123e3fd"
url = "https://github.com/astral-sh/ty/releases/download/0.0.34/ty-aarch64-unknown-linux-musl.tar.gz"
provenance = "github-attestations"

[tools.ty."platforms.linux-x64"]
checksum = "sha256:6579d8436fb17f49f338aed854027464a259af2cbf92fde10717461d8c867c90"
url = "https://github.com/astral-sh/ty/releases/download/0.0.34/ty-x86_64-unknown-linux-musl.tar.gz"
provenance = "github-attestations"

[tools.ty."platforms.linux-x64-baseline"]
checksum = "sha256:6579d8436fb17f49f338aed854027464a259af2cbf92fde10717461d8c867c90"
url = "https://github.com/astral-sh/ty/releases/download/0.0.34/ty-x86_64-unknown-linux-musl.tar.gz"
provenance = "github-attestations"

[tools.ty."platforms.linux-x64-musl"]
checksum = "sha256:6579d8436fb17f49f338aed854027464a259af2cbf92fde10717461d8c867c90"
url = "https://github.com/astral-sh/ty/releases/download/0.0.34/ty-x86_64-unknown-linux-musl.tar.gz"
provenance = "github-attestations"

[tools.ty."platforms.linux-x64-musl-baseline"]
checksum = "sha256:6579d8436fb17f49f338aed854027464a259af2cbf92fde10717461d8c867c90"
url = "https://github.com/astral-sh/ty/releases/download/0.0.34/ty-x86_64-unknown-linux-musl.tar.gz"
provenance = "github-attestations"

[tools.ty."platforms.macos-arm64"]
checksum = "sha256:7f571161be28cb2ca211f609959b23dd8cea79b7b5b7857c3970e5f69a872fec"
url = "https://github.com/astral-sh/ty/releases/download/0.0.34/ty-aarch64-apple-darwin.tar.gz"
provenance = "github-attestations"

[tools.ty."platforms.macos-x64"]
checksum = "sha256:aa28bac4ad4ffd138fd94b1274049f269835752aab2b9bc1d5044ca0f08062d3"
url = "https://github.com/astral-sh/ty/releases/download/0.0.34/ty-x86_64-apple-darwin.tar.gz"
provenance = "github-attestations"

[tools.ty."platforms.macos-x64-baseline"]
checksum = "sha256:aa28bac4ad4ffd138fd94b1274049f269835752aab2b9bc1d5044ca0f08062d3"
url = "https://github.com/astral-sh/ty/releases/download/0.0.34/ty-x86_64-apple-darwin.tar.gz"
provenance = "github-attestations"

[tools.ty."platforms.windows-x64"]
checksum = "sha256:89df0fee551300b4fa418dc4d3fd25f5f91a467e9db6d48f23596c17c3c3708a"
url = "https://github.com/astral-sh/ty/releases/download/0.0.34/ty-x86_64-pc-windows-msvc.zip"
provenance = "github-attestations"

[tools.ty."platforms.windows-x64-baseline"]
checksum = "sha256:89df0fee551300b4fa418dc4d3fd25f5f91a467e9db6d48f23596c17c3c3708a"
url = "https://github.com/astral-sh/ty/releases/download/0.0.34/ty-x86_64-pc-windows-msvc.zip"
provenance = "github-attestations"
