# @generated - this file is auto-generated by `mise lock` https://mise.en.dev/dev-tools/mise-lock.html

[[tools.codex]]
version = "0.155.1"
backend = "aqua:openai/codex"

[tools.codex."platforms.linux-arm64"]
checksum = "sha256:71857dbc9bea3613410e8a69cfb46b07c0402d6d20fec18843dbaffd757634bd"
url = "https://github.com/openai/codex/releases/download/rust-v0.155.1/codex-package-aarch64-unknown-linux-musl.tar.gz"
url_api = "https://api.github.com/repos/openai/codex/releases/assets/573353562"

[tools.codex."platforms.linux-arm64-musl"]
checksum = "sha256:71857dbc9bea3613410e8a69cfb46b07c0402d6d20fec18843dbaffd757634bd"
url = "https://github.com/openai/codex/releases/download/rust-v0.155.1/codex-package-aarch64-unknown-linux-musl.tar.gz"
url_api = "https://api.github.com/repos/openai/codex/releases/assets/573353562"

[tools.codex."platforms.linux-x64"]
checksum = "sha256:a65b895c6ac1a73629bbe4b864640c86133e94a43b4d67b3103044e1a306d5a2"
url = "https://github.com/openai/codex/releases/download/rust-v0.155.1/codex-package-x86_64-unknown-linux-musl.tar.gz"
url_api = "https://api.github.com/repos/openai/codex/releases/assets/573353456"

[tools.codex."platforms.linux-x64-musl"]
checksum = "sha256:a65b895c6ac1a73629bbe4b864640c86133e94a43b4d67b3103044e1a306d5a2"
url = "https://github.com/openai/codex/releases/download/rust-v0.155.1/codex-package-x86_64-unknown-linux-musl.tar.gz"
url_api = "https://api.github.com/repos/openai/codex/releases/assets/573353456"

[tools.codex."platforms.macos-arm64"]
checksum = "sha256:e6e08717da9e35b72332eff753527fe79a9ae876081033c5c6820a8e5f58b943"
url = "https://github.com/openai/codex/releases/download/rust-v0.155.1/codex-package-aarch64-apple-darwin.tar.gz"
url_api = "https://api.github.com/repos/openai/codex/releases/assets/573353582"

[tools.codex."platforms.macos-x64"]
checksum = "sha256:be752aebb2ac022c5bfed3fa14f46943d11ddb36a950b553b058794aba22496a"
url = "https://github.com/openai/codex/releases/download/rust-v0.155.1/codex-package-x86_64-apple-darwin.tar.gz"
url_api = "https://api.github.com/repos/openai/codex/releases/assets/573353601"

[tools.codex."platforms.windows-x64"]
checksum = "sha256:f45c273b7835c192aaa9cef5b93aa9528966ac7301444632de80a565a9bf14e8"
url = "https://github.com/openai/codex/releases/download/rust-v0.155.1/codex-package-x86_64-pc-windows-msvc.tar.gz"
url_api = "https://api.github.com/repos/openai/codex/releases/assets/573353476"

[[tools.pi]]
version = "v1.0.4"
backend = "aqua:earendil-works/pi"

[tools.pi."platforms.linux-arm64"]
checksum = "sha256:6a6bc66a6ac2750bd7ccd7f2109090463f564d447feefb10a5965f6b6aed2211"
url = "https://github.com/earendil-works/pi/releases/download/v1.0.4/pi-linux-arm64.tar.gz"
url_api = "https://api.github.com/repos/earendil-works/pi/releases/assets/613707171"

[tools.pi."platforms.linux-arm64-musl"]
checksum = "sha256:6a6bc66a6ac2750bd7ccd7f2109090463f564d447feefb10a5965f6b6aed2211"
url = "https://github.com/earendil-works/pi/releases/download/v1.0.4/pi-linux-arm64.tar.gz"
url_api = "https://api.github.com/repos/earendil-works/pi/releases/assets/613707171"

[tools.pi."platforms.linux-x64"]
checksum = "sha256:284c45dd28cf975a13cff6af34741dd0a0cdca6634e8bdfc0083ae7d452e86d6"
url = "https://github.com/earendil-works/pi/releases/download/v1.0.4/pi-linux-x64.tar.gz"
url_api = "https://api.github.com/repos/earendil-works/pi/releases/assets/613707163"

[tools.pi."platforms.linux-x64-musl"]
checksum = "sha256:284c45dd28cf975a13cff6af34741dd0a0cdca6634e8bdfc0083ae7d452e86d6"
url = "https://github.com/earendil-works/pi/releases/download/v1.0.4/pi-linux-x64.tar.gz"
url_api = "https://api.github.com/repos/earendil-works/pi/releases/assets/613707163"

[tools.pi."platforms.macos-arm64"]
checksum = "sha256:717dcd38a03849e919f9dec9daa96f5ca102e15ea33d804e5db57b1d47e513bc"
url = "https://github.com/earendil-works/pi/releases/download/v1.0.4/pi-darwin-arm64.tar.gz"
url_api = "https://api.github.com/repos/earendil-works/pi/releases/assets/613707162"

[tools.pi."platforms.macos-x64"]
checksum = "sha256:665022918678542dd7c87fe7b0da70d2a3dcd926bc6ff4cc712308f2ca313358"
url = "https://github.com/earendil-works/pi/releases/download/v1.0.4/pi-darwin-x64.tar.gz"
url_api = "https://api.github.com/repos/earendil-works/pi/releases/assets/613707174"

[tools.pi."platforms.windows-x64"]
checksum = "sha256:6bdbfb7bac252eea36a0095e4b741c9d5784d5ba99146e2d76e9246dee409b58"
url = "https://github.com/earendil-works/pi/releases/download/v1.0.4/pi-windows-x64.zip"
url_api = "https://api.github.com/repos/earendil-works/pi/releases/assets/613707217"
